// !$*UTF8*$!
{
	archiveVersion = 1;
	classes = {
	};
	objectVersion = 46;
	objects = {

/* Begin PBXBuildFile section */
		94956CB11ADD454700BC2256 /* main.cpp in Sources */ = {isa = PBXBuildFile; fileRef = 94956CB01ADD454700BC2256 /* main.cpp */; };
		94956CBC1ADF12C400BC2256 /* MyList.cpp in Sources */ = {isa = PBXBuildFile; fileRef = 94956CBA1ADF12C400BC2256 /* MyList.cpp */; };
/* End PBXBuildFile section */

/* Begin PBXCopyFilesBuildPhase section */
		94956CAB1ADD454700BC2256 /* CopyFiles */ = {
			isa = PBXCopyFilesBuildPhase;
			buildActionMask = 2147483647;
			dstPath = /usr/share/man/man1/;
			dstSubfolderSpec = 0;
			files = (
			);
			runOnlyForDeploymentPostprocessing = 1;
		};
/* End PBXCopyFilesBuildPhase section */

/* Begin PBXFileReference section */
		94956CAD1ADD454700BC2256 /* Ex.5-II- */ = {isa = PBXFileReference; explicitFileType = "compiled.mach-o.executable"; includeInIndex = 0; path = "Ex.5-II-"; sourceTree = BUILT_PRODUCTS_DIR; };
		94956CB01ADD454700BC2256 /* main.cpp */ = {isa = PBXFileReference; lastKnownFileType = sourcecode.cpp.cpp; path = main.cpp; sourceTree = "<group>"; };
		94956CBA1ADF12C400BC2256 /* MyList.cpp */ = {isa = PBXFileReference; fileEncoding = 4; lastKnownFileType = sourcecode.cpp.cpp; path = MyList.cpp; sourceTree = "<group>"; };
		94956CBB1ADF12C400BC2256 /* MyList.h */ = {isa = PBXFileReference; fileEncoding = 4; lastKnownFileType = sourcecode.c.h; path = MyList.h; sourceTree = "<group>"; };
/* End PBXFileReference section */

/* Begin PBXFrameworksBuildPhase section */
		94956CAA1ADD454700BC2256 /* Frameworks */ = {
			isa = PBXFrameworksBuildPhase;
			buildActionMask = 2147483647;
			files = (
			);
			runOnlyForDeploymentPostprocessing = 0;
		};
/* End PBXFrameworksBuildPhase section */

/* Begin PBXGroup section */
		94956CA41ADD454700BC2256 = {
			isa = PBXGroup;
			children = (
				94956CAF1ADD454700BC2256 /* Ex.5-II- */,
				94956CAE1ADD454700BC2256 /* Products */,
			);
			sourceTree = "<group>";
		};
		94956CAE1ADD454700BC2256 /* Products */ = {
			isa = PBXGroup;
			children = (
				94956CAD1ADD454700BC2256 /* Ex.5-II- */,
			);
			name = Products;
			sourceTree = "<group>";
		};
		94956CAF1ADD454700BC2256 /* Ex.5-II- */ = {
			isa = PBXGroup;
			children = (
				94956CB01ADD454700BC2256 /* main.cpp */,
				94956CBB1ADF12C400BC2256 /* MyList.h */,
				94956CBA1ADF12C400BC2256 /* MyList.cpp */,
			);
			path = "Ex.5-II-";
			sourceTree = "<group>";
		};
/* End PBXGroup section */

/* Begin PBXNativeTarget section */
		94956CAC1ADD454700BC2256 /* Ex.5-II- */ = {
			isa = PBXNativeTarget;
			buildConfigurationList = 94956CB41ADD454700BC2256 /* Build configuration list for PBXNativeTarget "Ex.5-II-" */;
			buildPhases = (
				94956CA91ADD454700BC2256 /* Sources */,
				94956CAA1ADD454700BC2256 /* Frameworks */,
				94956CAB1ADD454700BC2256 /* CopyFiles */,
			);
			buildRules = (
			);
			dependencies = (
			);
			name = "Ex.5-II-";
			productName = "Ex.5-II-";
			productReference = 94956CAD1ADD454700BC2256 /* Ex.5-II- */;
			productType = "com.apple.product-type.tool";
		};
/* End PBXNativeTarget section */

/* Begin PBXProject section */
		94956CA51ADD454700BC2256 /* Project object */ = {
			isa = PBXProject;
			attributes = {
				LastUpgradeCheck = 0620;
				ORGANIZATIONNAME = "Екатерина Рыжова";
				TargetAttributes = {
					94956CAC1ADD454700BC2256 = {
						CreatedOnToolsVersion = 6.2;
					};
				};
			};
			buildConfigurationList = 94956CA81ADD454700BC2256 /* Build configuration list for PBXProject "Ex.5-II-" */;
			compatibilityVersion = "Xcode 3.2";
			developmentRegion = English;
			hasScannedForEncodings = 0;
			knownRegions = (
				en,
			);
			mainGroup = 94956CA41ADD454700BC2256;
			productRefGroup = 94956CAE1ADD454700BC2256 /* Products */;
			projectDirPath = "";
			projectRoot = "";
			targets = (
				94956CAC1ADD454700BC2256 /* Ex.5-II- */,
			);
		};
/* End PBXProject section */

/* Begin PBXSourcesBuildPhase section */
		94956CA91ADD454700BC2256 /* Sources */ = {
			isa = PBXSourcesBuildPhase;
			buildActionMask = 2147483647;
			files = (
				94956CB11ADD454700BC2256 /* main.cpp in Sources */,
				94956CBC1ADF12C400BC2256 /* MyList.cpp in Sources */,
			);
			runOnlyForDeploymentPostprocessing = 0;
		};
/* End PBXSourcesBuildPhase section */

/* Begin XCBuildConfiguration section */
		94956CB21ADD454700BC2256 /* Debug */ = {
			isa = XCBuildConfiguration;
			buildSettings = {
				ALWAYS_SEARCH_USER_PATHS = NO;
				CLANG_CXX_LANGUAGE_STANDARD = "gnu++0x";
				CLANG_CXX_LIBRARY = "libc++";
				CLANG_ENABLE_MODULES = YES;
				CLANG_ENABLE_OBJC_ARC = YES;
				CLANG_WARN_BOOL_CONVERSION = YES;
				CLANG_WARN_CONSTANT_CONVERSION = YES;
				CLANG_WARN_DIRECT_OBJC_ISA_USAGE = YES_ERROR;
				CLANG_WARN_EMPTY_BODY = YES;
				CLANG_WARN_ENUM_CONVERSION = YES;
				CLANG_WARN_INT_CONVERSION = YES;
				CLANG_WARN_OBJC_ROOT_CLASS = YES_ERROR;
				CLANG_WARN_UNREACHABLE_CODE = YES;
				CLANG_WARN__DUPLICATE_METHOD_MATCH = YES;
				COPY_PHASE_STRIP = NO;
				ENABLE_STRICT_OBJC_MSGSEND = YES;
				GCC_C_LANGUAGE_STANDARD = gnu99;
				GCC_DYNAMIC_NO_PIC = NO;
				GCC_OPTIMIZATION_LEVEL = 0;
				GCC_PREPROCESSOR_DEFINITIONS = (
					"DEBUG=1",
					"$(inherited)",
				);
				GCC_SYMBOLS_PRIVATE_EXTERN = NO;
				GCC_WARN_64_TO_32_BIT_CONVERSION = YES;
				GCC_WARN_ABOUT_RETURN_TYPE = YES_ERROR;
				GCC_WARN_UNDECLARED_SELECTOR = YES;
				GCC_WARN_UNINITIALIZED_AUTOS = YES_AGGRESSIVE;
				GCC_WARN_UNUSED_FUNCTION = YES;
				GCC_WARN_UNUSED_VARIABLE = YES;
				MACOSX_DEPLOYMENT_TARGET = 10.10;
				MTL_ENABLE_DEBUG_INFO = YES;
				ONLY_ACTIVE_ARCH = YES;
				SDKROOT = macosx;
			};
			name = Debug;
		};
		94956CB31ADD454700BC2256 /* Release */ = {
			isa = XCBuildConfiguration;
			buildSettings = {
				ALWAYS_SEARCH_USER_PATHS = NO;
				CLANG_CXX_LANGUAGE_STANDARD = "gnu++0x";
				CLANG_CXX_LIBRARY = "libc++";
				CLANG_ENABLE_MODULES = YES;
				CLANG_ENABLE_OBJC_ARC = YES;
				CLANG_WARN_BOOL_CONVERSION = YES;
				CLANG_WARN_CONSTANT_CONVERSION = YES;
				CLANG_WARN_DIRECT_OBJC_ISA_USAGE = YES_ERROR;
				CLANG_WARN_EMPTY_BODY = YES;
				CLANG_WARN_ENUM_CONVERSION = YES;
				CLANG_WARN_INT_CONVERSION = YES;
				CLANG_WARN_OBJC_ROOT_CLASS = YES_ERROR;
				CLANG_WARN_UNREACHABLE_CODE = YES;
				CLANG_WARN__DUPLICATE_METHOD_MATCH = YES;
				COPY_PHASE_STRIP = NO;
				DEBUG_INFORMATION_FORMAT = "dwarf-with-dsym";
				ENABLE_NS_ASSERTIONS = NO;
				ENABLE_STRICT_OBJC_MSGSEND = YES;
				GCC_C_LANGUAGE_STANDARD = gnu99;
				GCC_WARN_64_TO_32_BIT_CONVERSION = YES;
				GCC_WARN_ABOUT_RETURN_TYPE = YES_ERROR;
				GCC_WARN_UNDECLARED_SELECTOR = YES;
				GCC_WARN_UNINITIALIZED_AUTOS = YES_AGGRESSIVE;
				GCC_WARN_UNUSED_FUNCTION = YES;
				GCC_WARN_UNUSED_VARIABLE = YES;
				MACOSX_DEPLOYMENT_TARGET = 10.10;
				MTL_ENABLE_DEBUG_INFO = NO;
				SDKROOT = macosx;
			};
			name = Release;
		};
		94956CB51ADD454700BC2256 /* Debug */ = {
			isa = XCBuildConfiguration;
			buildSettings = {
				PRODUCT_NAME = "$(TARGET_NAME)";
			};
			name = Debug;
		};
		94956CB61ADD454700BC2256 /* Release */ = {
			isa = XCBuildConfiguration;
			buildSettings = {
				PRODUCT_NAME = "$(TARGET_NAME)";
			};
			name = Release;
		};
/* End XCBuildConfiguration section */

/* Begin XCConfigurationList section */
		94956CA81ADD454700BC2256 /* Build configuration list for PBXProject "Ex.5-II-" */ = {
			isa = XCConfigurationList;
			buildConfigurations = (
				94956CB21ADD454700BC2256 /* Debug */,
				94956CB31ADD454700BC2256 /* Release */,
			);
			defaultConfigurationIsVisible = 0;
			defaultConfigurationName = Release;
		};
		94956CB41ADD454700BC2256 /* Build configuration list for PBXNativeTarget "Ex.5-II-" */ = {
			isa = XCConfigurationList;
			buildConfigurations = (
				94956CB51ADD454700BC2256 /* Debug */,
				94956CB61ADD454700BC2256 /* Release */,
			);
			defaultConfigurationIsVisible = 0;
			defaultConfigurationName = Release;
		};
/* End XCConfigurationList section */
	};
	rootObject = 94956CA51ADD454700BC2256 /* Project object */;
}
