// !$*UTF8*$!
{
	archiveVersion = 1;
	classes = {
	};
	objectVersion = 46;
	objects = {

/* Begin PBXBuildFile section */
		94ABFA191A910A71007C7C33 /* main.cpp in Sources */ = {isa = PBXBuildFile; fileRef = 94ABFA181A910A71007C7C33 /* main.cpp */; };
/* End PBXBuildFile section */

/* Begin PBXCopyFilesBuildPhase section */
		94ABFA131A910A71007C7C33 /* CopyFiles */ = {
			isa = PBXCopyFilesBuildPhase;
			buildActionMask = 2147483647;
			dstPath = /usr/share/man/man1/;
			dstSubfolderSpec = 0;
			files = (
			);
			runOnlyForDeploymentPostprocessing = 1;
		};
/* End PBXCopyFilesBuildPhase section */

/* Begin PBXFileReference section */
		94ABFA151A910A71007C7C33 /* Ex.1 (II) */ = {isa = PBXFileReference; explicitFileType = "compiled.mach-o.executable"; includeInIndex = 0; path = "Ex.1 (II)"; sourceTree = BUILT_PRODUCTS_DIR; };
		94ABFA181A910A71007C7C33 /* main.cpp */ = {isa = PBXFileReference; lastKnownFileType = sourcecode.cpp.cpp; path = main.cpp; sourceTree = "<group>"; };
/* End PBXFileReference section */

/* Begin PBXFrameworksBuildPhase section */
		94ABFA121A910A71007C7C33 /* Frameworks */ = {
			isa = PBXFrameworksBuildPhase;
			buildActionMask = 2147483647;
			files = (
			);
			runOnlyForDeploymentPostprocessing = 0;
		};
/* End PBXFrameworksBuildPhase section */

/* Begin PBXGroup section */
		94ABFA0C1A910A71007C7C33 = {
			isa = PBXGroup;
			children = (
				94ABFA171A910A71007C7C33 /* Ex.1 (II) */,
				94ABFA161A910A71007C7C33 /* Products */,
			);
			sourceTree = "<group>";
		};
		94ABFA161A910A71007C7C33 /* Products */ = {
			isa = PBXGroup;
			children = (
				94ABFA151A910A71007C7C33 /* Ex.1 (II) */,
			);
			name = Products;
			sourceTree = "<group>";
		};
		94ABFA171A910A71007C7C33 /* Ex.1 (II) */ = {
			isa = PBXGroup;
			children = (
				94ABFA181A910A71007C7C33 /* main.cpp */,
			);
			path = "Ex.1 (II)";
			sourceTree = "<group>";
		};
/* End PBXGroup section */

/* Begin PBXNativeTarget section */
		94ABFA141A910A71007C7C33 /* Ex.1 (II) */ = {
			isa = PBXNativeTarget;
			buildConfigurationList = 94ABFA1C1A910A71007C7C33 /* Build configuration list for PBXNativeTarget "Ex.1 (II)" */;
			buildPhases = (
				94ABFA111A910A71007C7C33 /* Sources */,
				94ABFA121A910A71007C7C33 /* Frameworks */,
				94ABFA131A910A71007C7C33 /* CopyFiles */,
			);
			buildRules = (
			);
			dependencies = (
			);
			name = "Ex.1 (II)";
			productName = "Ex.1 (II)";
			productReference = 94ABFA151A910A71007C7C33 /* Ex.1 (II) */;
			productType = "com.apple.product-type.tool";
		};
/* End PBXNativeTarget section */

/* Begin PBXProject section */
		94ABFA0D1A910A71007C7C33 /* Project object */ = {
			isa = PBXProject;
			attributes = {
				LastUpgradeCheck = 0610;
				ORGANIZATIONNAME = "Екатерина Рыжова";
				TargetAttributes = {
					94ABFA141A910A71007C7C33 = {
						CreatedOnToolsVersion = 6.1.1;
					};
				};
			};
			buildConfigurationList = 94ABFA101A910A71007C7C33 /* Build configuration list for PBXProject "Ex.1 (II)" */;
			compatibilityVersion = "Xcode 3.2";
			developmentRegion = English;
			hasScannedForEncodings = 0;
			knownRegions = (
				en,
			);
			mainGroup = 94ABFA0C1A910A71007C7C33;
			productRefGroup = 94ABFA161A910A71007C7C33 /* Products */;
			projectDirPath = "";
			projectRoot = "";
			targets = (
				94ABFA141A910A71007C7C33 /* Ex.1 (II) */,
			);
		};
/* End PBXProject section */

/* Begin PBXSourcesBuildPhase section */
		94ABFA111A910A71007C7C33 /* Sources */ = {
			isa = PBXSourcesBuildPhase;
			buildActionMask = 2147483647;
			files = (
				94ABFA191A910A71007C7C33 /* main.cpp in Sources */,
			);
			runOnlyForDeploymentPostprocessing = 0;
		};
/* End PBXSourcesBuildPhase section */

/* Begin XCBuildConfiguration section */
		94ABFA1A1A910A71007C7C33 /* Debug */ = {
			isa = XCBuildConfiguration;
			buildSettings = {
				ALWAYS_SEARCH_USER_PATHS = NO;
				CLANG_CXX_LANGUAGE_STANDARD = "gnu++0x";
				CLANG_CXX_LIBRARY = "libc++";
				CLANG_ENABLE_MODULES = YES;
				CLANG_ENABLE_OBJC_ARC = YES;
				CLANG_WARN_BOOL_CONVERSION = YES;
				CLANG_WARN_CONSTANT_CONVERSION = YES;
				CLANG_WARN_DIRECT_OBJC_ISA_USAGE = YES_ERROR;
				CLANG_WARN_EMPTY_BODY = YES;
				CLANG_WARN_ENUM_CONVERSION = YES;
				CLANG_WARN_INT_CONVERSION = YES;
				CLANG_WARN_OBJC_ROOT_CLASS = YES_ERROR;
				CLANG_WARN_UNREACHABLE_CODE = YES;
				CLANG_WARN__DUPLICATE_METHOD_MATCH = YES;
				COPY_PHASE_STRIP = NO;
				ENABLE_STRICT_OBJC_MSGSEND = YES;
				GCC_C_LANGUAGE_STANDARD = gnu99;
				GCC_DYNAMIC_NO_PIC = NO;
				GCC_OPTIMIZATION_LEVEL = 0;
				GCC_PREPROCESSOR_DEFINITIONS = (
					"DEBUG=1",
					"$(inherited)",
				);
				GCC_SYMBOLS_PRIVATE_EXTERN = NO;
				GCC_WARN_64_TO_32_BIT_CONVERSION = YES;
				GCC_WARN_ABOUT_RETURN_TYPE = YES_ERROR;
				GCC_WARN_UNDECLARED_SELECTOR = YES;
				GCC_WARN_UNINITIALIZED_AUTOS = YES_AGGRESSIVE;
				GCC_WARN_UNUSED_FUNCTION = YES;
				GCC_WARN_UNUSED_VARIABLE = YES;
				MACOSX_DEPLOYMENT_TARGET = 10.10;
				MTL_ENABLE_DEBUG_INFO = YES;
				ONLY_ACTIVE_ARCH = YES;
				SDKROOT = macosx;
			};
			name = Debug;
		};
		94ABFA1B1A910A71007C7C33 /* Release */ = {
			isa = XCBuildConfiguration;
			buildSettings = {
				ALWAYS_SEARCH_USER_PATHS = NO;
				CLANG_CXX_LANGUAGE_STANDARD = "gnu++0x";
				CLANG_CXX_LIBRARY = "libc++";
				CLANG_ENABLE_MODULES = YES;
				CLANG_ENABLE_OBJC_ARC = YES;
				CLANG_WARN_BOOL_CONVERSION = YES;
				CLANG_WARN_CONSTANT_CONVERSION = YES;
				CLANG_WARN_DIRECT_OBJC_ISA_USAGE = YES_ERROR;
				CLANG_WARN_EMPTY_BODY = YES;
				CLANG_WARN_ENUM_CONVERSION = YES;
				CLANG_WARN_INT_CONVERSION = YES;
				CLANG_WARN_OBJC_ROOT_CLASS = YES_ERROR;
				CLANG_WARN_UNREACHABLE_CODE = YES;
				CLANG_WARN__DUPLICATE_METHOD_MATCH = YES;
				COPY_PHASE_STRIP = YES;
				DEBUG_INFORMATION_FORMAT = "dwarf-with-dsym";
				ENABLE_NS_ASSERTIONS = NO;
				ENABLE_STRICT_OBJC_MSGSEND = YES;
				GCC_C_LANGUAGE_STANDARD = gnu99;
				GCC_WARN_64_TO_32_BIT_CONVERSION = YES;
				GCC_WARN_ABOUT_RETURN_TYPE = YES_ERROR;
				GCC_WARN_UNDECLARED_SELECTOR = YES;
				GCC_WARN_UNINITIALIZED_AUTOS = YES_AGGRESSIVE;
				GCC_WARN_UNUSED_FUNCTION = YES;
				GCC_WARN_UNUSED_VARIABLE = YES;
				MACOSX_DEPLOYMENT_TARGET = 10.10;
				MTL_ENABLE_DEBUG_INFO = NO;
				SDKROOT = macosx;
			};
			name = Release;
		};
		94ABFA1D1A910A71007C7C33 /* Debug */ = {
			isa = XCBuildConfiguration;
			buildSettings = {
				PRODUCT_NAME = "$(TARGET_NAME)";
			};
			name = Debug;
		};
		94ABFA1E1A910A71007C7C33 /* Release */ = {
			isa = XCBuildConfiguration;
			buildSettings = {
				PRODUCT_NAME = "$(TARGET_NAME)";
			};
			name = Release;
		};
/* End XCBuildConfiguration section */

/* Begin XCConfigurationList section */
		94ABFA101A910A71007C7C33 /* Build configuration list for PBXProject "Ex.1 (II)" */ = {
			isa = XCConfigurationList;
			buildConfigurations = (
				94ABFA1A1A910A71007C7C33 /* Debug */,
				94ABFA1B1A910A71007C7C33 /* Release */,
			);
			defaultConfigurationIsVisible = 0;
			defaultConfigurationName = Release;
		};
		94ABFA1C1A910A71007C7C33 /* Build configuration list for PBXNativeTarget "Ex.1 (II)" */ = {
			isa = XCConfigurationList;
			buildConfigurations = (
				94ABFA1D1A910A71007C7C33 /* Debug */,
				94ABFA1E1A910A71007C7C33 /* Release */,
			);
			defaultConfigurationIsVisible = 0;
		};
/* End XCConfigurationList section */
	};
	rootObject = 94ABFA0D1A910A71007C7C33 /* Project object */;
}
