// !$*UTF8*$!
{
	archiveVersion = 1;
	classes = {
	};
	objectVersion = 46;
	objects = {

/* Begin PBXBuildFile section */
		9430304E19FEA1DF00A1BF17 /* main.cpp in Sources */ = {isa = PBXBuildFile; fileRef = 9430304D19FEA1DF00A1BF17 /* main.cpp */; };
/* End PBXBuildFile section */

/* Begin PBXCopyFilesBuildPhase section */
		9430304819FEA1DF00A1BF17 /* CopyFiles */ = {
			isa = PBXCopyFilesBuildPhase;
			buildActionMask = 2147483647;
			dstPath = /usr/share/man/man1/;
			dstSubfolderSpec = 0;
			files = (
			);
			runOnlyForDeploymentPostprocessing = 1;
		};
/* End PBXCopyFilesBuildPhase section */

/* Begin PBXFileReference section */
		9430304A19FEA1DF00A1BF17 /* Ex.5 iostream */ = {isa = PBXFileReference; explicitFileType = "compiled.mach-o.executable"; includeInIndex = 0; path = "Ex.5 iostream"; sourceTree = BUILT_PRODUCTS_DIR; };
		9430304D19FEA1DF00A1BF17 /* main.cpp */ = {isa = PBXFileReference; lastKnownFileType = sourcecode.cpp.cpp; path = main.cpp; sourceTree = "<group>"; };
/* End PBXFileReference section */

/* Begin PBXFrameworksBuildPhase section */
		9430304719FEA1DF00A1BF17 /* Frameworks */ = {
			isa = PBXFrameworksBuildPhase;
			buildActionMask = 2147483647;
			files = (
			);
			runOnlyForDeploymentPostprocessing = 0;
		};
/* End PBXFrameworksBuildPhase section */

/* Begin PBXGroup section */
		9430304119FEA1DF00A1BF17 = {
			isa = PBXGroup;
			children = (
				9430304C19FEA1DF00A1BF17 /* Ex.5 iostream */,
				9430304B19FEA1DF00A1BF17 /* Products */,
			);
			sourceTree = "<group>";
		};
		9430304B19FEA1DF00A1BF17 /* Products */ = {
			isa = PBXGroup;
			children = (
				9430304A19FEA1DF00A1BF17 /* Ex.5 iostream */,
			);
			name = Products;
			sourceTree = "<group>";
		};
		9430304C19FEA1DF00A1BF17 /* Ex.5 iostream */ = {
			isa = PBXGroup;
			children = (
				9430304D19FEA1DF00A1BF17 /* main.cpp */,
			);
			path = "Ex.5 iostream";
			sourceTree = "<group>";
		};
/* End PBXGroup section */

/* Begin PBXNativeTarget section */
		9430304919FEA1DF00A1BF17 /* Ex.5 iostream */ = {
			isa = PBXNativeTarget;
			buildConfigurationList = 9430305119FEA1DF00A1BF17 /* Build configuration list for PBXNativeTarget "Ex.5 iostream" */;
			buildPhases = (
				9430304619FEA1DF00A1BF17 /* Sources */,
				9430304719FEA1DF00A1BF17 /* Frameworks */,
				9430304819FEA1DF00A1BF17 /* CopyFiles */,
			);
			buildRules = (
			);
			dependencies = (
			);
			name = "Ex.5 iostream";
			productName = "Ex.5 iostream";
			productReference = 9430304A19FEA1DF00A1BF17 /* Ex.5 iostream */;
			productType = "com.apple.product-type.tool";
		};
/* End PBXNativeTarget section */

/* Begin PBXProject section */
		9430304219FEA1DF00A1BF17 /* Project object */ = {
			isa = PBXProject;
			attributes = {
				LastUpgradeCheck = 0600;
				ORGANIZATIONNAME = "Екатерина Рыжова";
				TargetAttributes = {
					9430304919FEA1DF00A1BF17 = {
						CreatedOnToolsVersion = 6.0.1;
					};
				};
			};
			buildConfigurationList = 9430304519FEA1DF00A1BF17 /* Build configuration list for PBXProject "Ex.5 iostream" */;
			compatibilityVersion = "Xcode 3.2";
			developmentRegion = English;
			hasScannedForEncodings = 0;
			knownRegions = (
				en,
			);
			mainGroup = 9430304119FEA1DF00A1BF17;
			productRefGroup = 9430304B19FEA1DF00A1BF17 /* Products */;
			projectDirPath = "";
			projectRoot = "";
			targets = (
				9430304919FEA1DF00A1BF17 /* Ex.5 iostream */,
			);
		};
/* End PBXProject section */

/* Begin PBXSourcesBuildPhase section */
		9430304619FEA1DF00A1BF17 /* Sources */ = {
			isa = PBXSourcesBuildPhase;
			buildActionMask = 2147483647;
			files = (
				9430304E19FEA1DF00A1BF17 /* main.cpp in Sources */,
			);
			runOnlyForDeploymentPostprocessing = 0;
		};
/* End PBXSourcesBuildPhase section */

/* Begin XCBuildConfiguration section */
		9430304F19FEA1DF00A1BF17 /* Debug */ = {
			isa = XCBuildConfiguration;
			buildSettings = {
				ALWAYS_SEARCH_USER_PATHS = NO;
				CLANG_CXX_LANGUAGE_STANDARD = "gnu++0x";
				CLANG_CXX_LIBRARY = "libc++";
				CLANG_ENABLE_MODULES = YES;
				CLANG_ENABLE_OBJC_ARC = YES;
				CLANG_WARN_BOOL_CONVERSION = YES;
				CLANG_WARN_CONSTANT_CONVERSION = YES;
				CLANG_WARN_DIRECT_OBJC_ISA_USAGE = YES_ERROR;
				CLANG_WARN_EMPTY_BODY = YES;
				CLANG_WARN_ENUM_CONVERSION = YES;
				CLANG_WARN_INT_CONVERSION = YES;
				CLANG_WARN_OBJC_ROOT_CLASS = YES_ERROR;
				CLANG_WARN_UNREACHABLE_CODE = YES;
				CLANG_WARN__DUPLICATE_METHOD_MATCH = YES;
				COPY_PHASE_STRIP = NO;
				ENABLE_STRICT_OBJC_MSGSEND = YES;
				GCC_C_LANGUAGE_STANDARD = gnu99;
				GCC_DYNAMIC_NO_PIC = NO;
				GCC_OPTIMIZATION_LEVEL = 0;
				GCC_PREPROCESSOR_DEFINITIONS = (
					"DEBUG=1",
					"$(inherited)",
				);
				GCC_SYMBOLS_PRIVATE_EXTERN = NO;
				GCC_WARN_64_TO_32_BIT_CONVERSION = YES;
				GCC_WARN_ABOUT_RETURN_TYPE = YES_ERROR;
				GCC_WARN_UNDECLARED_SELECTOR = YES;
				GCC_WARN_UNINITIALIZED_AUTOS = YES_AGGRESSIVE;
				GCC_WARN_UNUSED_FUNCTION = YES;
				GCC_WARN_UNUSED_VARIABLE = YES;
				MACOSX_DEPLOYMENT_TARGET = 10.10;
				MTL_ENABLE_DEBUG_INFO = YES;
				ONLY_ACTIVE_ARCH = YES;
				SDKROOT = macosx;
			};
			name = Debug;
		};
		9430305019FEA1DF00A1BF17 /* Release */ = {
			isa = XCBuildConfiguration;
			buildSettings = {
				ALWAYS_SEARCH_USER_PATHS = NO;
				CLANG_CXX_LANGUAGE_STANDARD = "gnu++0x";
				CLANG_CXX_LIBRARY = "libc++";
				CLANG_ENABLE_MODULES = YES;
				CLANG_ENABLE_OBJC_ARC = YES;
				CLANG_WARN_BOOL_CONVERSION = YES;
				CLANG_WARN_CONSTANT_CONVERSION = YES;
				CLANG_WARN_DIRECT_OBJC_ISA_USAGE = YES_ERROR;
				CLANG_WARN_EMPTY_BODY = YES;
				CLANG_WARN_ENUM_CONVERSION = YES;
				CLANG_WARN_INT_CONVERSION = YES;
				CLANG_WARN_OBJC_ROOT_CLASS = YES_ERROR;
				CLANG_WARN_UNREACHABLE_CODE = YES;
				CLANG_WARN__DUPLICATE_METHOD_MATCH = YES;
				COPY_PHASE_STRIP = YES;
				DEBUG_INFORMATION_FORMAT = "dwarf-with-dsym";
				ENABLE_NS_ASSERTIONS = NO;
				ENABLE_STRICT_OBJC_MSGSEND = YES;
				GCC_C_LANGUAGE_STANDARD = gnu99;
				GCC_WARN_64_TO_32_BIT_CONVERSION = YES;
				GCC_WARN_ABOUT_RETURN_TYPE = YES_ERROR;
				GCC_WARN_UNDECLARED_SELECTOR = YES;
				GCC_WARN_UNINITIALIZED_AUTOS = YES_AGGRESSIVE;
				GCC_WARN_UNUSED_FUNCTION = YES;
				GCC_WARN_UNUSED_VARIABLE = YES;
				MACOSX_DEPLOYMENT_TARGET = 10.10;
				MTL_ENABLE_DEBUG_INFO = NO;
				SDKROOT = macosx;
			};
			name = Release;
		};
		9430305219FEA1DF00A1BF17 /* Debug */ = {
			isa = XCBuildConfiguration;
			buildSettings = {
				PRODUCT_NAME = "$(TARGET_NAME)";
			};
			name = Debug;
		};
		9430305319FEA1DF00A1BF17 /* Release */ = {
			isa = XCBuildConfiguration;
			buildSettings = {
				PRODUCT_NAME = "$(TARGET_NAME)";
			};
			name = Release;
		};
/* End XCBuildConfiguration section */

/* Begin XCConfigurationList section */
		9430304519FEA1DF00A1BF17 /* Build configuration list for PBXProject "Ex.5 iostream" */ = {
			isa = XCConfigurationList;
			buildConfigurations = (
				9430304F19FEA1DF00A1BF17 /* Debug */,
				9430305019FEA1DF00A1BF17 /* Release */,
			);
			defaultConfigurationIsVisible = 0;
			defaultConfigurationName = Release;
		};
		9430305119FEA1DF00A1BF17 /* Build configuration list for PBXNativeTarget "Ex.5 iostream" */ = {
			isa = XCConfigurationList;
			buildConfigurations = (
				9430305219FEA1DF00A1BF17 /* Debug */,
				9430305319FEA1DF00A1BF17 /* Release */,
			);
			defaultConfigurationIsVisible = 0;
		};
/* End XCConfigurationList section */
	};
	rootObject = 9430304219FEA1DF00A1BF17 /* Project object */;
}
